
Microsoft Visual Studio Solution File, Format Version 12.00
# Visual Studio 14
VisualStudioVersion = 14.0.25420.1
MinimumVisualStudioVersion = 10.0.40219.1
Project("{FAE04EC0-301F-11D3-BF4B-00C04F79EFBC}") = "netcode.io.host", "netcode.io.host\netcode.io.host.csproj", "{8F9BC324-DA92-4867-B14C-5A074CB93C1F}"
EndProject
Project("{FAE04EC0-301F-11D3-BF4B-00C04F79EFBC}") = "netcode.io.demoserver", "netcode.io.demoserver\netcode.io.demoserver.csproj", "{AD7F1B95-386A-4741-B468-4FC09C8AE2A3}"
EndProject
Global
	GlobalSection(SolutionConfigurationPlatforms) = preSolution
		Debug|Any CPU = Debug|Any CPU
		Release|Any CPU = Release|Any CPU
	EndGlobalSection
	GlobalSection(ProjectConfigurationPlatforms) = postSolution
		{8F9BC324-DA92-4867-B14C-5A074CB93C1F}.Debug|Any CPU.ActiveCfg = Debug|Any CPU
		{8F9BC324-DA92-4867-B14C-5A074CB93C1F}.Debug|Any CPU.Build.0 = Debug|Any CPU
		{8F9BC324-DA92-4867-B14C-5A074CB93C1F}.Release|Any CPU.ActiveCfg = Release|Any CPU
		{8F9BC324-DA92-4867-B14C-5A074CB93C1F}.Release|Any CPU.Build.0 = Release|Any CPU
		{AD7F1B95-386A-4741-B468-4FC09C8AE2A3}.Debug|Any CPU.ActiveCfg = Debug|Any CPU
		{AD7F1B95-386A-4741-B468-4FC09C8AE2A3}.Debug|Any CPU.Build.0 = Debug|Any CPU
		{AD7F1B95-386A-4741-B468-4FC09C8AE2A3}.Release|Any CPU.ActiveCfg = Release|Any CPU
		{AD7F1B95-386A-4741-B468-4FC09C8AE2A3}.Release|Any CPU.Build.0 = Release|Any CPU
	EndGlobalSection
	GlobalSection(SolutionProperties) = preSolution
		HideSolutionNode = FALSE
	EndGlobalSection
EndGlobal
